
Microsoft Visual Studio Solution File, Format Version 12.00
# Visual Studio Version 17
VisualStudioVersion = 17.0.32014.148
MinimumVisualStudioVersion = 10.0.40219.1
Project("{FAE04EC0-301F-11D3-BF4B-00C04F79EFBC}") = "SamuraiApp.Domain", "SamuraiAPP.Domain\SamuraiApp.Domain.csproj", "{7A97A0E3-236E-461D-98D6-6DCFB1D6B362}"
EndProject
Project("{FAE04EC0-301F-11D3-BF4B-00C04F79EFBC}") = "SamuraiApp.Data", "SamuraiApp.Data\SamuraiApp.Data.csproj", "{8EB50134-65FF-4F07-AF82-F2DB7B7658FF}"
EndProject
Project("{FAE04EC0-301F-11D3-BF4B-00C04F79EFBC}") = "SamuraiApp.UI", "SamuraiApp.UI\SamuraiApp.UI.csproj", "{90BC5BE3-33BB-4FDE-9A54-D62D95C6C651}"
EndProject
Global
	GlobalSection(SolutionConfigurationPlatforms) = preSolution
		Debug|Any CPU = Debug|Any CPU
		Release|Any CPU = Release|Any CPU
	EndGlobalSection
	GlobalSection(ProjectConfigurationPlatforms) = postSolution
		{7A97A0E3-236E-461D-98D6-6DCFB1D6B362}.Debug|Any CPU.ActiveCfg = Debug|Any CPU
		{7A97A0E3-236E-461D-98D6-6DCFB1D6B362}.Debug|Any CPU.Build.0 = Debug|Any CPU
		{7A97A0E3-236E-461D-98D6-6DCFB1D6B362}.Release|Any CPU.ActiveCfg = Release|Any CPU
		{7A97A0E3-236E-461D-98D6-6DCFB1D6B362}.Release|Any CPU.Build.0 = Release|Any CPU
		{8EB50134-65FF-4F07-AF82-F2DB7B7658FF}.Debug|Any CPU.ActiveCfg = Debug|Any CPU
		{8EB50134-65FF-4F07-AF82-F2DB7B7658FF}.Debug|Any CPU.Build.0 = Debug|Any CPU
		{8EB50134-65FF-4F07-AF82-F2DB7B7658FF}.Release|Any CPU.ActiveCfg = Release|Any CPU
		{8EB50134-65FF-4F07-AF82-F2DB7B7658FF}.Release|Any CPU.Build.0 = Release|Any CPU
		{90BC5BE3-33BB-4FDE-9A54-D62D95C6C651}.Debug|Any CPU.ActiveCfg = Debug|Any CPU
		{90BC5BE3-33BB-4FDE-9A54-D62D95C6C651}.Debug|Any CPU.Build.0 = Debug|Any CPU
		{90BC5BE3-33BB-4FDE-9A54-D62D95C6C651}.Release|Any CPU.ActiveCfg = Release|Any CPU
		{90BC5BE3-33BB-4FDE-9A54-D62D95C6C651}.Release|Any CPU.Build.0 = Release|Any CPU
	EndGlobalSection
	GlobalSection(SolutionProperties) = preSolution
		HideSolutionNode = FALSE
	EndGlobalSection
	GlobalSection(ExtensibilityGlobals) = postSolution
		SolutionGuid = {D035009C-BD61-4776-884C-8F6EB1499F3A}
	EndGlobalSection
EndGlobal
